
Microsoft Visual Studio Solution File, Format Version 12.00
# Visual Studio Version 17
VisualStudioVersion = 17.11.35208.52
MinimumVisualStudioVersion = 10.0.40219.1
Project("{FAE04EC0-301F-11D3-BF4B-00C04F79EFBC}") = "PIS2", "PIS2\PIS2.csproj", "{1A581E64-E81A-40F5-BC36-BCFC5F592C16}"
EndProject
Global
	GlobalSection(SolutionConfigurationPlatforms) = preSolution
		Debug|Any CPU = Debug|Any CPU
		Release|Any CPU = Release|Any CPU
	EndGlobalSection
	GlobalSection(ProjectConfigurationPlatforms) = postSolution
		{1A581E64-E81A-40F5-BC36-BCFC5F592C16}.Debug|Any CPU.ActiveCfg = Debug|Any CPU
		{1A581E64-E81A-40F5-BC36-BCFC5F592C16}.Debug|Any CPU.Build.0 = Debug|Any CPU
		{1A581E64-E81A-40F5-BC36-BCFC5F592C16}.Release|Any CPU.ActiveCfg = Release|Any CPU
		{1A581E64-E81A-40F5-BC36-BCFC5F592C16}.Release|Any CPU.Build.0 = Release|Any CPU
	EndGlobalSection
	GlobalSection(SolutionProperties) = preSolution
		HideSolutionNode = FALSE
	EndGlobalSection
	GlobalSection(ExtensibilityGlobals) = postSolution
		SolutionGuid = {BFD4CC66-0AC5-4B64-B174-50817E7514A1}
	EndGlobalSection
EndGlobal
